// !$*UTF8*$!
{
	archiveVersion = 1;
	classes = {
	};
	objectVersion = 56;
	objects = {

/* Begin PBXBuildFile section */
		CA43933D2A02CA2200A43BAB /* AfricaApp.swift in Sources */ = {isa = PBXBuildFile; fileRef = CA43933C2A02CA2200A43BAB /* AfricaApp.swift */; };
		CA43933F2A02CA2200A43BAB /* ContentView.swift in Sources */ = {isa = PBXBuildFile; fileRef = CA43933E2A02CA2200A43BAB /* ContentView.swift */; };
		CA4393412A02CA2600A43BAB /* Assets.xcassets in Resources */ = {isa = PBXBuildFile; fileRef = CA4393402A02CA2600A43BAB /* Assets.xcassets */; };
		CA4393442A02CA2600A43BAB /* Preview Assets.xcassets in Resources */ = {isa = PBXBuildFile; fileRef = CA4393432A02CA2600A43BAB /* Preview Assets.xcassets */; };
		CA4393552A02CDF300A43BAB /* ostrich.mp4 in Resources */ = {isa = PBXBuildFile; fileRef = CA43934B2A02CDF000A43BAB /* ostrich.mp4 */; };
		CA4393562A02CDF300A43BAB /* cheetah.mp4 in Resources */ = {isa = PBXBuildFile; fileRef = CA43934C2A02CDF100A43BAB /* cheetah.mp4 */; };
		CA4393572A02CDF300A43BAB /* giraffe.mp4 in Resources */ = {isa = PBXBuildFile; fileRef = CA43934D2A02CDF100A43BAB /* giraffe.mp4 */; };
		CA4393582A02CDF300A43BAB /* rhino.mp4 in Resources */ = {isa = PBXBuildFile; fileRef = CA43934E2A02CDF100A43BAB /* rhino.mp4 */; };
		CA4393592A02CDF300A43BAB /* gorilla.mp4 in Resources */ = {isa = PBXBuildFile; fileRef = CA43934F2A02CDF200A43BAB /* gorilla.mp4 */; };
		CA43935A2A02CDF300A43BAB /* elephant.mp4 in Resources */ = {isa = PBXBuildFile; fileRef = CA4393502A02CDF200A43BAB /* elephant.mp4 */; };
		CA43935B2A02CDF300A43BAB /* zebra.mp4 in Resources */ = {isa = PBXBuildFile; fileRef = CA4393512A02CDF200A43BAB /* zebra.mp4 */; };
		CA43935C2A02CDF300A43BAB /* hippo.mp4 in Resources */ = {isa = PBXBuildFile; fileRef = CA4393522A02CDF300A43BAB /* hippo.mp4 */; };
		CA43935D2A02CDF300A43BAB /* lion.mp4 in Resources */ = {isa = PBXBuildFile; fileRef = CA4393532A02CDF300A43BAB /* lion.mp4 */; };
		CA43935E2A02CDF300A43BAB /* lioness.mp4 in Resources */ = {isa = PBXBuildFile; fileRef = CA4393542A02CDF300A43BAB /* lioness.mp4 */; };
		CA4393642A02CE3900A43BAB /* covers.json in Resources */ = {isa = PBXBuildFile; fileRef = CA4393602A02CE3900A43BAB /* covers.json */; };
		CA4393652A02CE3900A43BAB /* locations.json in Resources */ = {isa = PBXBuildFile; fileRef = CA4393612A02CE3900A43BAB /* locations.json */; };
		CA4393662A02CE3900A43BAB /* animals.json in Resources */ = {isa = PBXBuildFile; fileRef = CA4393622A02CE3900A43BAB /* animals.json */; };
		CA4393672A02CE3900A43BAB /* videos.json in Resources */ = {isa = PBXBuildFile; fileRef = CA4393632A02CE3900A43BAB /* videos.json */; };
		CA43936B2A02D05700A43BAB /* VideoListView.swift in Sources */ = {isa = PBXBuildFile; fileRef = CA43936A2A02D05700A43BAB /* VideoListView.swift */; };
		CA43936D2A02D0A700A43BAB /* MapView.swift in Sources */ = {isa = PBXBuildFile; fileRef = CA43936C2A02D0A700A43BAB /* MapView.swift */; };
		CA43936F2A02D0BF00A43BAB /* GalleryView.swift in Sources */ = {isa = PBXBuildFile; fileRef = CA43936E2A02D0BF00A43BAB /* GalleryView.swift */; };
		CA4393712A02D0D400A43BAB /* MainView.swift in Sources */ = {isa = PBXBuildFile; fileRef = CA4393702A02D0D400A43BAB /* MainView.swift */; };
/* End PBXBuildFile section */

/* Begin PBXFileReference section */
		CA4393392A02CA2200A43BAB /* Africa.app */ = {isa = PBXFileReference; explicitFileType = wrapper.application; includeInIndex = 0; path = Africa.app; sourceTree = BUILT_PRODUCTS_DIR; };
		CA43933C2A02CA2200A43BAB /* AfricaApp.swift */ = {isa = PBXFileReference; lastKnownFileType = sourcecode.swift; path = AfricaApp.swift; sourceTree = "<group>"; };
		CA43933E2A02CA2200A43BAB /* ContentView.swift */ = {isa = PBXFileReference; lastKnownFileType = sourcecode.swift; path = ContentView.swift; sourceTree = "<group>"; };
		CA4393402A02CA2600A43BAB /* Assets.xcassets */ = {isa = PBXFileReference; lastKnownFileType = folder.assetcatalog; path = Assets.xcassets; sourceTree = "<group>"; };
		CA4393432A02CA2600A43BAB /* Preview Assets.xcassets */ = {isa = PBXFileReference; lastKnownFileType = folder.assetcatalog; path = "Preview Assets.xcassets"; sourceTree = "<group>"; };
		CA43934B2A02CDF000A43BAB /* ostrich.mp4 */ = {isa = PBXFileReference; lastKnownFileType = file; path = ostrich.mp4; sourceTree = "<group>"; };
		CA43934C2A02CDF100A43BAB /* cheetah.mp4 */ = {isa = PBXFileReference; lastKnownFileType = file; path = cheetah.mp4; sourceTree = "<group>"; };
		CA43934D2A02CDF100A43BAB /* giraffe.mp4 */ = {isa = PBXFileReference; lastKnownFileType = file; path = giraffe.mp4; sourceTree = "<group>"; };
		CA43934E2A02CDF100A43BAB /* rhino.mp4 */ = {isa = PBXFileReference; lastKnownFileType = file; path = rhino.mp4; sourceTree = "<group>"; };
		CA43934F2A02CDF200A43BAB /* gorilla.mp4 */ = {isa = PBXFileReference; lastKnownFileType = file; path = gorilla.mp4; sourceTree = "<group>"; };
		CA4393502A02CDF200A43BAB /* elephant.mp4 */ = {isa = PBXFileReference; lastKnownFileType = file; path = elephant.mp4; sourceTree = "<group>"; };
		CA4393512A02CDF200A43BAB /* zebra.mp4 */ = {isa = PBXFileReference; lastKnownFileType = file; path = zebra.mp4; sourceTree = "<group>"; };
		CA4393522A02CDF300A43BAB /* hippo.mp4 */ = {isa = PBXFileReference; lastKnownFileType = file; path = hippo.mp4; sourceTree = "<group>"; };
		CA4393532A02CDF300A43BAB /* lion.mp4 */ = {isa = PBXFileReference; lastKnownFileType = file; path = lion.mp4; sourceTree = "<group>"; };
		CA4393542A02CDF300A43BAB /* lioness.mp4 */ = {isa = PBXFileReference; lastKnownFileType = file; path = lioness.mp4; sourceTree = "<group>"; };
		CA4393602A02CE3900A43BAB /* covers.json */ = {isa = PBXFileReference; fileEncoding = 4; lastKnownFileType = text.json; path = covers.json; sourceTree = "<group>"; };
		CA4393612A02CE3900A43BAB /* locations.json */ = {isa = PBXFileReference; fileEncoding = 4; lastKnownFileType = text.json; path = locations.json; sourceTree = "<group>"; };
		CA4393622A02CE3900A43BAB /* animals.json */ = {isa = PBXFileReference; fileEncoding = 4; lastKnownFileType = text.json; path = animals.json; sourceTree = "<group>"; };
		CA4393632A02CE3900A43BAB /* videos.json */ = {isa = PBXFileReference; fileEncoding = 4; lastKnownFileType = text.json; path = videos.json; sourceTree = "<group>"; };
		CA4393682A02CF5400A43BAB /* Info.plist */ = {isa = PBXFileReference; lastKnownFileType = text.plist; path = Info.plist; sourceTree = "<group>"; };
		CA43936A2A02D05700A43BAB /* VideoListView.swift */ = {isa = PBXFileReference; lastKnownFileType = sourcecode.swift; path = VideoListView.swift; sourceTree = "<group>"; };
		CA43936C2A02D0A700A43BAB /* MapView.swift */ = {isa = PBXFileReference; lastKnownFileType = sourcecode.swift; path = MapView.swift; sourceTree = "<group>"; };
		CA43936E2A02D0BF00A43BAB /* GalleryView.swift */ = {isa = PBXFileReference; lastKnownFileType = sourcecode.swift; path = GalleryView.swift; sourceTree = "<group>"; };
		CA4393702A02D0D400A43BAB /* MainView.swift */ = {isa = PBXFileReference; lastKnownFileType = sourcecode.swift; path = MainView.swift; sourceTree = "<group>"; };
/* End PBXFileReference section */

/* Begin PBXFrameworksBuildPhase section */
		CA4393362A02CA2200A43BAB /* Frameworks */ = {
			isa = PBXFrameworksBuildPhase;
			buildActionMask = 2147483647;
			files = (
			);
			runOnlyForDeploymentPostprocessing = 0;
		};
/* End PBXFrameworksBuildPhase section */

/* Begin PBXGroup section */
		CA4393302A02CA2200A43BAB = {
			isa = PBXGroup;
			children = (
				CA43933B2A02CA2200A43BAB /* Africa */,
				CA43933A2A02CA2200A43BAB /* Products */,
			);
			sourceTree = "<group>";
		};
		CA43933A2A02CA2200A43BAB /* Products */ = {
			isa = PBXGroup;
			children = (
				CA4393392A02CA2200A43BAB /* Africa.app */,
			);
			name = Products;
			sourceTree = "<group>";
		};
		CA43933B2A02CA2200A43BAB /* Africa */ = {
			isa = PBXGroup;
			children = (
				CA4393682A02CF5400A43BAB /* Info.plist */,
				CA43935F2A02CE1800A43BAB /* Data */,
				CA43934A2A02CDC900A43BAB /* Video */,
				CA4393692A02D00B00A43BAB /* App */,
				CA4393402A02CA2600A43BAB /* Assets.xcassets */,
				CA4393422A02CA2600A43BAB /* Preview Content */,
			);
			path = Africa;
			sourceTree = "<group>";
		};
		CA4393422A02CA2600A43BAB /* Preview Content */ = {
			isa = PBXGroup;
			children = (
				CA4393432A02CA2600A43BAB /* Preview Assets.xcassets */,
			);
			path = "Preview Content";
			sourceTree = "<group>";
		};
		CA43934A2A02CDC900A43BAB /* Video */ = {
			isa = PBXGroup;
			children = (
				CA43934C2A02CDF100A43BAB /* cheetah.mp4 */,
				CA4393502A02CDF200A43BAB /* elephant.mp4 */,
				CA43934D2A02CDF100A43BAB /* giraffe.mp4 */,
				CA43934F2A02CDF200A43BAB /* gorilla.mp4 */,
				CA4393522A02CDF300A43BAB /* hippo.mp4 */,
				CA4393532A02CDF300A43BAB /* lion.mp4 */,
				CA4393542A02CDF300A43BAB /* lioness.mp4 */,
				CA43934B2A02CDF000A43BAB /* ostrich.mp4 */,
				CA43934E2A02CDF100A43BAB /* rhino.mp4 */,
				CA4393512A02CDF200A43BAB /* zebra.mp4 */,
			);
			path = Video;
			sourceTree = "<group>";
		};
		CA43935F2A02CE1800A43BAB /* Data */ = {
			isa = PBXGroup;
			children = (
				CA4393622A02CE3900A43BAB /* animals.json */,
				CA4393602A02CE3900A43BAB /* covers.json */,
				CA4393612A02CE3900A43BAB /* locations.json */,
				CA4393632A02CE3900A43BAB /* videos.json */,
			);
			path = Data;
			sourceTree = "<group>";
		};
		CA4393692A02D00B00A43BAB /* App */ = {
			isa = PBXGroup;
			children = (
				CA43933C2A02CA2200A43BAB /* AfricaApp.swift */,
				CA43933E2A02CA2200A43BAB /* ContentView.swift */,
				CA43936A2A02D05700A43BAB /* VideoListView.swift */,
				CA43936C2A02D0A700A43BAB /* MapView.swift */,
				CA43936E2A02D0BF00A43BAB /* GalleryView.swift */,
				CA4393702A02D0D400A43BAB /* MainView.swift */,
			);
			path = App;
			sourceTree = "<group>";
		};
/* End PBXGroup section */

/* Begin PBXNativeTarget section */
		CA4393382A02CA2200A43BAB /* Africa */ = {
			isa = PBXNativeTarget;
			buildConfigurationList = CA4393472A02CA2600A43BAB /* Build configuration list for PBXNativeTarget "Africa" */;
			buildPhases = (
				CA4393352A02CA2200A43BAB /* Sources */,
				CA4393362A02CA2200A43BAB /* Frameworks */,
				CA4393372A02CA2200A43BAB /* Resources */,
			);
			buildRules = (
			);
			dependencies = (
			);
			name = Africa;
			productName = Africa;
			productReference = CA4393392A02CA2200A43BAB /* Africa.app */;
			productType = "com.apple.product-type.application";
		};
/* End PBXNativeTarget section */

/* Begin PBXProject section */
		CA4393312A02CA2200A43BAB /* Project object */ = {
			isa = PBXProject;
			attributes = {
				BuildIndependentTargetsInParallel = 1;
				LastSwiftUpdateCheck = 1430;
				LastUpgradeCheck = 1430;
				TargetAttributes = {
					CA4393382A02CA2200A43BAB = {
						CreatedOnToolsVersion = 14.3;
					};
				};
			};
			buildConfigurationList = CA4393342A02CA2200A43BAB /* Build configuration list for PBXProject "Africa" */;
			compatibilityVersion = "Xcode 14.0";
			developmentRegion = en;
			hasScannedForEncodings = 0;
			knownRegions = (
				en,
				Base,
			);
			mainGroup = CA4393302A02CA2200A43BAB;
			productRefGroup = CA43933A2A02CA2200A43BAB /* Products */;
			projectDirPath = "";
			projectRoot = "";
			targets = (
				CA4393382A02CA2200A43BAB /* Africa */,
			);
		};
/* End PBXProject section */

/* Begin PBXResourcesBuildPhase section */
		CA4393372A02CA2200A43BAB /* Resources */ = {
			isa = PBXResourcesBuildPhase;
			buildActionMask = 2147483647;
			files = (
				CA4393662A02CE3900A43BAB /* animals.json in Resources */,
				CA4393652A02CE3900A43BAB /* locations.json in Resources */,
				CA4393642A02CE3900A43BAB /* covers.json in Resources */,
				CA43935C2A02CDF300A43BAB /* hippo.mp4 in Resources */,
				CA4393582A02CDF300A43BAB /* rhino.mp4 in Resources */,
				CA4393562A02CDF300A43BAB /* cheetah.mp4 in Resources */,
				CA4393552A02CDF300A43BAB /* ostrich.mp4 in Resources */,
				CA4393592A02CDF300A43BAB /* gorilla.mp4 in Resources */,
				CA43935A2A02CDF300A43BAB /* elephant.mp4 in Resources */,
				CA4393442A02CA2600A43BAB /* Preview Assets.xcassets in Resources */,
				CA4393412A02CA2600A43BAB /* Assets.xcassets in Resources */,
				CA43935D2A02CDF300A43BAB /* lion.mp4 in Resources */,
				CA43935B2A02CDF300A43BAB /* zebra.mp4 in Resources */,
				CA4393672A02CE3900A43BAB /* videos.json in Resources */,
				CA4393572A02CDF300A43BAB /* giraffe.mp4 in Resources */,
				CA43935E2A02CDF300A43BAB /* lioness.mp4 in Resources */,
			);
			runOnlyForDeploymentPostprocessing = 0;
		};
/* End PBXResourcesBuildPhase section */

/* Begin PBXSourcesBuildPhase section */
		CA4393352A02CA2200A43BAB /* Sources */ = {
			isa = PBXSourcesBuildPhase;
			buildActionMask = 2147483647;
			files = (
				CA43933F2A02CA2200A43BAB /* ContentView.swift in Sources */,
				CA4393712A02D0D400A43BAB /* MainView.swift in Sources */,
				CA43936D2A02D0A700A43BAB /* MapView.swift in Sources */,
				CA43933D2A02CA2200A43BAB /* AfricaApp.swift in Sources */,
				CA43936B2A02D05700A43BAB /* VideoListView.swift in Sources */,
				CA43936F2A02D0BF00A43BAB /* GalleryView.swift in Sources */,
			);
			runOnlyForDeploymentPostprocessing = 0;
		};
/* End PBXSourcesBuildPhase section */

/* Begin XCBuildConfiguration section */
		CA4393452A02CA2600A43BAB /* Debug */ = {
			isa = XCBuildConfiguration;
			buildSettings = {
				ALWAYS_SEARCH_USER_PATHS = NO;
				CLANG_ANALYZER_NONNULL = YES;
				CLANG_ANALYZER_NUMBER_OBJECT_CONVERSION = YES_AGGRESSIVE;
				CLANG_CXX_LANGUAGE_STANDARD = "gnu++20";
				CLANG_ENABLE_MODULES = YES;
				CLANG_ENABLE_OBJC_ARC = YES;
				CLANG_ENABLE_OBJC_WEAK = YES;
				CLANG_WARN_BLOCK_CAPTURE_AUTORELEASING = YES;
				CLANG_WARN_BOOL_CONVERSION = YES;
				CLANG_WARN_COMMA = YES;
				CLANG_WARN_CONSTANT_CONVERSION = YES;
				CLANG_WARN_DEPRECATED_OBJC_IMPLEMENTATIONS = YES;
				CLANG_WARN_DIRECT_OBJC_ISA_USAGE = YES_ERROR;
				CLANG_WARN_DOCUMENTATION_COMMENTS = YES;
				CLANG_WARN_EMPTY_BODY = YES;
				CLANG_WARN_ENUM_CONVERSION = YES;
				CLANG_WARN_INFINITE_RECURSION = YES;
				CLANG_WARN_INT_CONVERSION = YES;
				CLANG_WARN_NON_LITERAL_NULL_CONVERSION = YES;
				CLANG_WARN_OBJC_IMPLICIT_RETAIN_SELF = YES;
				CLANG_WARN_OBJC_LITERAL_CONVERSION = YES;
				CLANG_WARN_OBJC_ROOT_CLASS = YES_ERROR;
				CLANG_WARN_QUOTED_INCLUDE_IN_FRAMEWORK_HEADER = YES;
				CLANG_WARN_RANGE_LOOP_ANALYSIS = YES;
				CLANG_WARN_STRICT_PROTOTYPES = YES;
				CLANG_WARN_SUSPICIOUS_MOVE = YES;
				CLANG_WARN_UNGUARDED_AVAILABILITY = YES_AGGRESSIVE;
				CLANG_WARN_UNREACHABLE_CODE = YES;
				CLANG_WARN__DUPLICATE_METHOD_MATCH = YES;
				COPY_PHASE_STRIP = NO;
				DEBUG_INFORMATION_FORMAT = dwarf;
				ENABLE_STRICT_OBJC_MSGSEND = YES;
				ENABLE_TESTABILITY = YES;
				GCC_C_LANGUAGE_STANDARD = gnu11;
				GCC_DYNAMIC_NO_PIC = NO;
				GCC_NO_COMMON_BLOCKS = YES;
				GCC_OPTIMIZATION_LEVEL = 0;
				GCC_PREPROCESSOR_DEFINITIONS = (
					"DEBUG=1",
					"$(inherited)",
				);
				GCC_WARN_64_TO_32_BIT_CONVERSION = YES;
				GCC_WARN_ABOUT_RETURN_TYPE = YES_ERROR;
				GCC_WARN_UNDECLARED_SELECTOR = YES;
				GCC_WARN_UNINITIALIZED_AUTOS = YES_AGGRESSIVE;
				GCC_WARN_UNUSED_FUNCTION = YES;
				GCC_WARN_UNUSED_VARIABLE = YES;
				IPHONEOS_DEPLOYMENT_TARGET = 16.4;
				MTL_ENABLE_DEBUG_INFO = INCLUDE_SOURCE;
				MTL_FAST_MATH = YES;
				ONLY_ACTIVE_ARCH = YES;
				SDKROOT = iphoneos;
				SWIFT_ACTIVE_COMPILATION_CONDITIONS = DEBUG;
				SWIFT_OPTIMIZATION_LEVEL = "-Onone";
			};
			name = Debug;
		};
		CA4393462A02CA2600A43BAB /* Release */ = {
			isa = XCBuildConfiguration;
			buildSettings = {
				ALWAYS_SEARCH_USER_PATHS = NO;
				CLANG_ANALYZER_NONNULL = YES;
				CLANG_ANALYZER_NUMBER_OBJECT_CONVERSION = YES_AGGRESSIVE;
				CLANG_CXX_LANGUAGE_STANDARD = "gnu++20";
				CLANG_ENABLE_MODULES = YES;
				CLANG_ENABLE_OBJC_ARC = YES;
				CLANG_ENABLE_OBJC_WEAK = YES;
				CLANG_WARN_BLOCK_CAPTURE_AUTORELEASING = YES;
				CLANG_WARN_BOOL_CONVERSION = YES;
				CLANG_WARN_COMMA = YES;
				CLANG_WARN_CONSTANT_CONVERSION = YES;
				CLANG_WARN_DEPRECATED_OBJC_IMPLEMENTATIONS = YES;
				CLANG_WARN_DIRECT_OBJC_ISA_USAGE = YES_ERROR;
				CLANG_WARN_DOCUMENTATION_COMMENTS = YES;
				CLANG_WARN_EMPTY_BODY = YES;
				CLANG_WARN_ENUM_CONVERSION = YES;
				CLANG_WARN_INFINITE_RECURSION = YES;
				CLANG_WARN_INT_CONVERSION = YES;
				CLANG_WARN_NON_LITERAL_NULL_CONVERSION = YES;
				CLANG_WARN_OBJC_IMPLICIT_RETAIN_SELF = YES;
				CLANG_WARN_OBJC_LITERAL_CONVERSION = YES;
				CLANG_WARN_OBJC_ROOT_CLASS = YES_ERROR;
				CLANG_WARN_QUOTED_INCLUDE_IN_FRAMEWORK_HEADER = YES;
				CLANG_WARN_RANGE_LOOP_ANALYSIS = YES;
				CLANG_WARN_STRICT_PROTOTYPES = YES;
				CLANG_WARN_SUSPICIOUS_MOVE = YES;
				CLANG_WARN_UNGUARDED_AVAILABILITY = YES_AGGRESSIVE;
				CLANG_WARN_UNREACHABLE_CODE = YES;
				CLANG_WARN__DUPLICATE_METHOD_MATCH = YES;
				COPY_PHASE_STRIP = NO;
				DEBUG_INFORMATION_FORMAT = "dwarf-with-dsym";
				ENABLE_NS_ASSERTIONS = NO;
				ENABLE_STRICT_OBJC_MSGSEND = YES;
				GCC_C_LANGUAGE_STANDARD = gnu11;
				GCC_NO_COMMON_BLOCKS = YES;
				GCC_WARN_64_TO_32_BIT_CONVERSION = YES;
				GCC_WARN_ABOUT_RETURN_TYPE = YES_ERROR;
				GCC_WARN_UNDECLARED_SELECTOR = YES;
				GCC_WARN_UNINITIALIZED_AUTOS = YES_AGGRESSIVE;
				GCC_WARN_UNUSED_FUNCTION = YES;
				GCC_WARN_UNUSED_VARIABLE = YES;
				IPHONEOS_DEPLOYMENT_TARGET = 16.4;
				MTL_ENABLE_DEBUG_INFO = NO;
				MTL_FAST_MATH = YES;
				SDKROOT = iphoneos;
				SWIFT_COMPILATION_MODE = wholemodule;
				SWIFT_OPTIMIZATION_LEVEL = "-O";
				VALIDATE_PRODUCT = YES;
			};
			name = Release;
		};
		CA4393482A02CA2600A43BAB /* Debug */ = {
			isa = XCBuildConfiguration;
			buildSettings = {
				ASSETCATALOG_COMPILER_APPICON_NAME = AppIcon;
				ASSETCATALOG_COMPILER_GLOBAL_ACCENT_COLOR_NAME = AccentColor;
				CODE_SIGN_STYLE = Automatic;
				CURRENT_PROJECT_VERSION = 1;
				DEVELOPMENT_ASSET_PATHS = "\"Africa/Preview Content\"";
				DEVELOPMENT_TEAM = BPXP6739DN;
				ENABLE_PREVIEWS = YES;
				GENERATE_INFOPLIST_FILE = YES;
				INFOPLIST_FILE = Africa/Info.plist;
				INFOPLIST_KEY_UIApplicationSceneManifest_Generation = YES;
				INFOPLIST_KEY_UIApplicationSupportsIndirectInputEvents = YES;
				INFOPLIST_KEY_UISupportedInterfaceOrientations_iPad = "UIInterfaceOrientationPortrait UIInterfaceOrientationPortraitUpsideDown UIInterfaceOrientationLandscapeLeft UIInterfaceOrientationLandscapeRight";
				INFOPLIST_KEY_UISupportedInterfaceOrientations_iPhone = "UIInterfaceOrientationPortrait UIInterfaceOrientationLandscapeLeft UIInterfaceOrientationLandscapeRight";
				INFOPLIST_KEY_UIUserInterfaceStyle = Dark;
				LD_RUNPATH_SEARCH_PATHS = (
					"$(inherited)",
					"@executable_path/Frameworks",
				);
				MARKETING_VERSION = 1.0;
				PRODUCT_BUNDLE_IDENTIFIER = ru.development.mitrio.Africa;
				PRODUCT_NAME = "$(TARGET_NAME)";
				SWIFT_EMIT_LOC_STRINGS = YES;
				SWIFT_VERSION = 5.0;
				TARGETED_DEVICE_FAMILY = "1,2";
			};
			name = Debug;
		};
		CA4393492A02CA2600A43BAB /* Release */ = {
			isa = XCBuildConfiguration;
			buildSettings = {
				ASSETCATALOG_COMPILER_APPICON_NAME = AppIcon;
				ASSETCATALOG_COMPILER_GLOBAL_ACCENT_COLOR_NAME = AccentColor;
				CODE_SIGN_STYLE = Automatic;
				CURRENT_PROJECT_VERSION = 1;
				DEVELOPMENT_ASSET_PATHS = "\"Africa/Preview Content\"";
				DEVELOPMENT_TEAM = BPXP6739DN;
				ENABLE_PREVIEWS = YES;
				GENERATE_INFOPLIST_FILE = YES;
				INFOPLIST_FILE = Africa/Info.plist;
				INFOPLIST_KEY_UIApplicationSceneManifest_Generation = YES;
				INFOPLIST_KEY_UIApplicationSupportsIndirectInputEvents = YES;
				INFOPLIST_KEY_UISupportedInterfaceOrientations_iPad = "UIInterfaceOrientationPortrait UIInterfaceOrientationPortraitUpsideDown UIInterfaceOrientationLandscapeLeft UIInterfaceOrientationLandscapeRight";
				INFOPLIST_KEY_UISupportedInterfaceOrientations_iPhone = "UIInterfaceOrientationPortrait UIInterfaceOrientationLandscapeLeft UIInterfaceOrientationLandscapeRight";
				INFOPLIST_KEY_UIUserInterfaceStyle = Dark;
				LD_RUNPATH_SEARCH_PATHS = (
					"$(inherited)",
					"@executable_path/Frameworks",
				);
				MARKETING_VERSION = 1.0;
				PRODUCT_BUNDLE_IDENTIFIER = ru.development.mitrio.Africa;
				PRODUCT_NAME = "$(TARGET_NAME)";
				SWIFT_EMIT_LOC_STRINGS = YES;
				SWIFT_VERSION = 5.0;
				TARGETED_DEVICE_FAMILY = "1,2";
			};
			name = Release;
		};
/* End XCBuildConfiguration section */

/* Begin XCConfigurationList section */
		CA4393342A02CA2200A43BAB /* Build configuration list for PBXProject "Africa" */ = {
			isa = XCConfigurationList;
			buildConfigurations = (
				CA4393452A02CA2600A43BAB /* Debug */,
				CA4393462A02CA2600A43BAB /* Release */,
			);
			defaultConfigurationIsVisible = 0;
			defaultConfigurationName = Release;
		};
		CA4393472A02CA2600A43BAB /* Build configuration list for PBXNativeTarget "Africa" */ = {
			isa = XCConfigurationList;
			buildConfigurations = (
				CA4393482A02CA2600A43BAB /* Debug */,
				CA4393492A02CA2600A43BAB /* Release */,
			);
			defaultConfigurationIsVisible = 0;
			defaultConfigurationName = Release;
		};
/* End XCConfigurationList section */
	};
	rootObject = CA4393312A02CA2200A43BAB /* Project object */;
}
